
Microsoft Visual Studio Solution File, Format Version 12.00
# Visual Studio Version 17
VisualStudioVersion = 17.2.32616.157
MinimumVisualStudioVersion = 10.0.40219.1
Project("{2150E333-8FDC-42A3-9474-1A3956D46DE8}") = "1 - Presentation", "1 - Presentation", "{F3565EE3-1339-4CBE-BCDC-0A086632ED56}"
EndProject
Project("{2150E333-8FDC-42A3-9474-1A3956D46DE8}") = "2 - Application", "2 - Application", "{7B7E9459-F417-47CA-A2B6-BB09956D10AA}"
EndProject
Project("{2150E333-8FDC-42A3-9474-1A3956D46DE8}") = "0 - Core", "0 - Core", "{37C284C6-3519-4843-94EA-C9FB1BB0BFB7}"
EndProject
Project("{2150E333-8FDC-42A3-9474-1A3956D46DE8}") = "3 - Domain", "3 - Domain", "{C4BD99F6-72BE-4B3C-A573-C282A9964CC2}"
EndProject
Project("{2150E333-8FDC-42A3-9474-1A3956D46DE8}") = "4 - Infra", "4 - Infra", "{2D83DA9F-5E6C-498D-9423-3ACF1DB9A11B}"
EndProject
Project("{2150E333-8FDC-42A3-9474-1A3956D46DE8}") = "4.1 - Data", "4.1 - Data", "{6F7B8089-7A39-4C42-9955-4399553FBE01}"
EndProject
Project("{9A19103F-16F7-4668-BE54-9A1E7A4F7556}") = "IOBBank.Core", "src\IOBBank.Core\IOBBank.Core.csproj", "{B1360D7E-C026-42D2-A27C-0F52E443214B}"
EndProject
Project("{9A19103F-16F7-4668-BE54-9A1E7A4F7556}") = "IOBBank.DI", "src\IOBBank.DI\IOBBank.DI.csproj", "{8736B854-2E3C-4AFA-8054-C822F623113F}"
EndProject
Project("{9A19103F-16F7-4668-BE54-9A1E7A4F7556}") = "IOBBank.Api", "src\IOBBank.Api\IOBBank.Api.csproj", "{78C62916-A46E-4A9C-B3AA-01C175C17693}"
EndProject
Project("{9A19103F-16F7-4668-BE54-9A1E7A4F7556}") = "IOBBank.Application", "src\IOBBank.Application\IOBBank.Application.csproj", "{F08AF73B-2B9F-409D-B331-F2D7A38EC152}"
EndProject
Project("{9A19103F-16F7-4668-BE54-9A1E7A4F7556}") = "IOBBank.Domain", "src\IOBBank.Domain\IOBBank.Domain.csproj", "{17A1AB81-5C7F-477C-94CF-3ABB30C63AAE}"
EndProject
Project("{9A19103F-16F7-4668-BE54-9A1E7A4F7556}") = "IOBBank.Infra.Data", "src\IOBBank.Infra.Data\IOBBank.Infra.Data.csproj", "{153F641E-7F11-40B2-B339-4073B03794AC}"
EndProject
Global
	GlobalSection(SolutionConfigurationPlatforms) = preSolution
		Debug|Any CPU = Debug|Any CPU
		Release|Any CPU = Release|Any CPU
	EndGlobalSection
	GlobalSection(ProjectConfigurationPlatforms) = postSolution
		{B1360D7E-C026-42D2-A27C-0F52E443214B}.Debug|Any CPU.ActiveCfg = Debug|Any CPU
		{B1360D7E-C026-42D2-A27C-0F52E443214B}.Debug|Any CPU.Build.0 = Debug|Any CPU
		{B1360D7E-C026-42D2-A27C-0F52E443214B}.Release|Any CPU.ActiveCfg = Release|Any CPU
		{B1360D7E-C026-42D2-A27C-0F52E443214B}.Release|Any CPU.Build.0 = Release|Any CPU
		{8736B854-2E3C-4AFA-8054-C822F623113F}.Debug|Any CPU.ActiveCfg = Debug|Any CPU
		{8736B854-2E3C-4AFA-8054-C822F623113F}.Debug|Any CPU.Build.0 = Debug|Any CPU
		{8736B854-2E3C-4AFA-8054-C822F623113F}.Release|Any CPU.ActiveCfg = Release|Any CPU
		{8736B854-2E3C-4AFA-8054-C822F623113F}.Release|Any CPU.Build.0 = Release|Any CPU
		{78C62916-A46E-4A9C-B3AA-01C175C17693}.Debug|Any CPU.ActiveCfg = Debug|Any CPU
		{78C62916-A46E-4A9C-B3AA-01C175C17693}.Debug|Any CPU.Build.0 = Debug|Any CPU
		{78C62916-A46E-4A9C-B3AA-01C175C17693}.Release|Any CPU.ActiveCfg = Release|Any CPU
		{78C62916-A46E-4A9C-B3AA-01C175C17693}.Release|Any CPU.Build.0 = Release|Any CPU
		{F08AF73B-2B9F-409D-B331-F2D7A38EC152}.Debug|Any CPU.ActiveCfg = Debug|Any CPU
		{F08AF73B-2B9F-409D-B331-F2D7A38EC152}.Debug|Any CPU.Build.0 = Debug|Any CPU
		{F08AF73B-2B9F-409D-B331-F2D7A38EC152}.Release|Any CPU.ActiveCfg = Release|Any CPU
		{F08AF73B-2B9F-409D-B331-F2D7A38EC152}.Release|Any CPU.Build.0 = Release|Any CPU
		{17A1AB81-5C7F-477C-94CF-3ABB30C63AAE}.Debug|Any CPU.ActiveCfg = Debug|Any CPU
		{17A1AB81-5C7F-477C-94CF-3ABB30C63AAE}.Debug|Any CPU.Build.0 = Debug|Any CPU
		{17A1AB81-5C7F-477C-94CF-3ABB30C63AAE}.Release|Any CPU.ActiveCfg = Release|Any CPU
		{17A1AB81-5C7F-477C-94CF-3ABB30C63AAE}.Release|Any CPU.Build.0 = Release|Any CPU
		{153F641E-7F11-40B2-B339-4073B03794AC}.Debug|Any CPU.ActiveCfg = Debug|Any CPU
		{153F641E-7F11-40B2-B339-4073B03794AC}.Debug|Any CPU.Build.0 = Debug|Any CPU
		{153F641E-7F11-40B2-B339-4073B03794AC}.Release|Any CPU.ActiveCfg = Release|Any CPU
		{153F641E-7F11-40B2-B339-4073B03794AC}.Release|Any CPU.Build.0 = Release|Any CPU
	EndGlobalSection
	GlobalSection(SolutionProperties) = preSolution
		HideSolutionNode = FALSE
	EndGlobalSection
	GlobalSection(NestedProjects) = preSolution
		{6F7B8089-7A39-4C42-9955-4399553FBE01} = {2D83DA9F-5E6C-498D-9423-3ACF1DB9A11B}
		{B1360D7E-C026-42D2-A27C-0F52E443214B} = {37C284C6-3519-4843-94EA-C9FB1BB0BFB7}
		{8736B854-2E3C-4AFA-8054-C822F623113F} = {37C284C6-3519-4843-94EA-C9FB1BB0BFB7}
		{78C62916-A46E-4A9C-B3AA-01C175C17693} = {F3565EE3-1339-4CBE-BCDC-0A086632ED56}
		{F08AF73B-2B9F-409D-B331-F2D7A38EC152} = {7B7E9459-F417-47CA-A2B6-BB09956D10AA}
		{17A1AB81-5C7F-477C-94CF-3ABB30C63AAE} = {C4BD99F6-72BE-4B3C-A573-C282A9964CC2}
		{153F641E-7F11-40B2-B339-4073B03794AC} = {6F7B8089-7A39-4C42-9955-4399553FBE01}
	EndGlobalSection
	GlobalSection(ExtensibilityGlobals) = postSolution
		SolutionGuid = {992C52AC-8207-4563-B9D9-ADEB72F6DBFD}
	EndGlobalSection
EndGlobal
